# This file is automatically @generated by rotriever.
# It is not intended for manual editing.
lockfile_format_version = 5
registry_index = "https://github.com/Roblox/rotriever-registry-index"

[[package]]
name = "Boolean"
version = "1.2.3"
source = "registry"
dependencies = ["Number Number 1.2.3 registry"]

[[package]]
name = "ChalkLua"
version = "0.2.2"
source = "registry"

[[package]]
name = "Collections"
version = "1.2.3"
source = "registry"
dependencies = [
    "ES7Types ES7Types 1.2.3 registry",
    "InstanceOf InstanceOf 1.2.3 registry",
]

[[package]]
name = "Console"
version = "1.2.3"
source = "registry"
dependencies = ["Collections Collections 1.2.3 registry"]

[[package]]
name = "Cryo"
version = "1.1.0"
source = "registry"

[[package]]
name = "Dash"
version = "3.2.0"
dependencies = [
    "Cryo Cryo 1.1.0 registry",
    "Jest Jest 3.13.1 registry",
    "JestBenchmark JestBenchmark 3.13.3 registry",
    "JestGlobals JestGlobals 3.13.3 registry",
]

[[package]]
name = "DiffSequences"
version = "3.13.3"
source = "registry"
dependencies = ["LuauPolyfill LuauPolyfill 1.2.3 registry"]

[[package]]
name = "ES7Types"
version = "1.2.3"
source = "registry"

[[package]]
name = "Emittery"
version = "3.13.3"
source = "registry"
dependencies = [
    "LuauPolyfill LuauPolyfill 1.2.3 registry",
    "Promise Promise 3.5.0 registry",
]

[[package]]
name = "Expect"
version = "3.13.3"
source = "registry"
dependencies = [
    "JestGetType JestGetType 3.13.3 registry",
    "JestMatcherUtils JestMatcherUtils 3.13.3 registry",
    "JestMessageUtil JestMessageUtil 3.13.3 registry",
    "JestSnapshot JestSnapshot 3.13.3 registry",
    "JestUtil JestUtil 3.13.3 registry",
    "LuauPolyfill LuauPolyfill 1.2.3 registry",
    "Promise Promise 3.5.0 registry",
    "RegExp RegExp 0.2.2 registry",
    "RobloxShared RobloxShared 3.13.3 registry",
]

[[package]]
name = "InstanceOf"
version = "1.2.3"
source = "registry"

[[package]]
name = "Jest"
version = "3.13.1"
source = "registry"
dependencies = ["JestCore JestCore 3.13.1 registry"]

[[package]]
name = "JestBenchmark"
version = "3.13.3"
source = "registry"
dependencies = [
    "JestGlobals JestGlobals 3.13.3 registry",
    "JestTypes JestTypes 3.13.3 registry",
    "LuauPolyfill LuauPolyfill 1.2.3 registry",
]

[[package]]
name = "JestCircus"
version = "3.13.3"
source = "registry"
dependencies = [
    "ChalkLua ChalkLua 0.2.2 registry",
    "Expect Expect 3.13.3 registry",
    "JestEach JestEach 3.13.3 registry",
    "JestEnvironment JestEnvironment 3.13.3 registry",
    "JestMatcherUtils JestMatcherUtils 3.13.3 registry",
    "JestMessageUtil JestMessageUtil 3.13.3 registry",
    "JestRuntime JestRuntime 3.13.3 registry",
    "JestSnapshot JestSnapshot 3.13.3 registry",
    "JestTestResult JestTestResult 3.13.3 registry",
    "JestTypes JestTypes 3.13.3 registry",
    "JestUtil JestUtil 3.13.3 registry",
    "LuauPolyfill LuauPolyfill 1.2.3 registry",
    "PrettyFormat PrettyFormat 3.13.3 registry",
    "Promise Promise 3.5.0 registry",
    "RegExp RegExp 0.2.2 registry",
    "RobloxShared RobloxShared 3.13.3 registry",
    "Throat Throat 3.13.3 registry",
]

[[package]]
name = "JestConfig"
version = "3.13.1"
source = "registry"
dependencies = [
    "ChalkLua ChalkLua 0.2.2 registry",
    "JestEnvironmentLuau JestEnvironmentLuau 3.13.3 registry",
    "JestGetType JestGetType 3.13.3 registry",
    "JestTypes JestTypes 3.13.3 registry",
    "JestUtil JestUtil 3.13.3 registry",
    "JestValidate JestValidate 3.13.3 registry",
    "LuauPolyfill LuauPolyfill 1.2.3 registry",
    "Promise Promise 3.5.0 registry",
    "RegExp RegExp 0.2.2 registry",
    "RobloxShared RobloxShared 3.13.3 registry",
]

[[package]]
name = "JestConsole"
version = "3.13.3"
source = "registry"
dependencies = [
    "ChalkLua ChalkLua 0.2.2 registry",
    "JestEach JestEach 3.13.3 registry",
    "JestMessageUtil JestMessageUtil 3.13.3 registry",
    "JestMock JestMock 3.13.3 registry",
    "JestTypes JestTypes 3.13.3 registry",
    "JestUtil JestUtil 3.13.3 registry",
    "LuauPolyfill LuauPolyfill 1.2.3 registry",
    "RobloxShared RobloxShared 3.13.3 registry",
]

[[package]]
name = "JestCore"
version = "3.13.1"
source = "registry"
dependencies = [
    "ChalkLua ChalkLua 0.2.2 registry",
    "Emittery Emittery 3.13.3 registry",
    "JestConfig JestConfig 3.13.1 registry",
    "JestConsole JestConsole 3.13.3 registry",
    "JestMessageUtil JestMessageUtil 3.13.3 registry",
    "JestReporters JestReporters 3.13.3 registry",
    "JestRunner JestRunner 3.13.3 registry",
    "JestRuntime JestRuntime 3.13.3 registry",
    "JestSnapshot JestSnapshot 3.13.3 registry",
    "JestTestResult JestTestResult 3.13.3 registry",
    "JestTypes JestTypes 3.13.3 registry",
    "JestUtil JestUtil 3.13.3 registry",
    "LuauPolyfill LuauPolyfill 1.2.3 registry",
    "PrettyFormat PrettyFormat 3.13.3 registry",
    "Promise Promise 3.5.0 registry",
    "RegExp RegExp 0.2.2 registry",
    "RobloxShared RobloxShared 3.13.3 registry",
]

[[package]]
name = "JestDiff"
version = "3.13.3"
source = "registry"
dependencies = [
    "ChalkLua ChalkLua 0.2.2 registry",
    "DiffSequences DiffSequences 3.13.3 registry",
    "JestGetType JestGetType 3.13.3 registry",
    "JestTypes JestTypes 3.13.3 registry",
    "LuauPolyfill LuauPolyfill 1.2.3 registry",
    "PrettyFormat PrettyFormat 3.13.3 registry",
]

[[package]]
name = "JestEach"
version = "3.13.3"
source = "registry"
dependencies = [
    "ChalkLua ChalkLua 0.2.2 registry",
    "JestGetType JestGetType 3.13.3 registry",
    "JestTypes JestTypes 3.13.3 registry",
    "JestUtil JestUtil 3.13.3 registry",
    "LuauPolyfill LuauPolyfill 1.2.3 registry",
    "PrettyFormat PrettyFormat 3.13.3 registry",
    "RegExp RegExp 0.2.2 registry",
]

[[package]]
name = "JestEnvironment"
version = "3.13.3"
source = "registry"
dependencies = [
    "JestFakeTimers JestFakeTimers 3.13.3 registry",
    "JestMock JestMock 3.13.3 registry",
    "JestMockGenv JestMockGenv 3.13.3 registry",
    "JestTypes JestTypes 3.13.3 registry",
    "LuauPolyfill LuauPolyfill 1.2.3 registry",
]

[[package]]
name = "JestEnvironmentLuau"
version = "3.13.3"
source = "registry"
dependencies = [
    "JestEnvironment JestEnvironment 3.13.3 registry",
    "JestFakeTimers JestFakeTimers 3.13.3 registry",
    "JestMock JestMock 3.13.3 registry",
    "JestTypes JestTypes 3.13.3 registry",
    "LuauPolyfill LuauPolyfill 1.2.3 registry",
    "Promise Promise 3.5.0 registry",
]

[[package]]
name = "JestFakeTimers"
version = "3.13.3"
source = "registry"
dependencies = [
    "JestGetType JestGetType 3.13.3 registry",
    "JestMock JestMock 3.13.3 registry",
    "LuauPolyfill LuauPolyfill 1.2.3 registry",
]

[[package]]
name = "JestGetType"
version = "3.13.3"
source = "registry"
dependencies = [
    "LuauPolyfill LuauPolyfill 1.2.3 registry",
    "RegExp RegExp 0.2.2 registry",
]

[[package]]
name = "JestGlobals"
version = "3.13.3"
source = "registry"
dependencies = [
    "Expect Expect 3.13.3 registry",
    "JestEnvironment JestEnvironment 3.13.3 registry",
    "JestTypes JestTypes 3.13.3 registry",
    "LuauPolyfill LuauPolyfill 1.2.3 registry",
]

[[package]]
name = "JestMatcherUtils"
version = "3.13.3"
source = "registry"
dependencies = [
    "ChalkLua ChalkLua 0.2.2 registry",
    "JestDiff JestDiff 3.13.3 registry",
    "JestGetType JestGetType 3.13.3 registry",
    "LuauPolyfill LuauPolyfill 1.2.3 registry",
    "PrettyFormat PrettyFormat 3.13.3 registry",
    "RegExp RegExp 0.2.2 registry",
]

[[package]]
name = "JestMessageUtil"
version = "3.13.3"
source = "registry"
dependencies = [
    "ChalkLua ChalkLua 0.2.2 registry",
    "JestTypes JestTypes 3.13.3 registry",
    "LuauPolyfill LuauPolyfill 1.2.3 registry",
    "PrettyFormat PrettyFormat 3.13.3 registry",
    "RegExp RegExp 0.2.2 registry",
    "RobloxShared RobloxShared 3.13.3 registry",
]

[[package]]
name = "JestMock"
version = "3.13.3"
source = "registry"
dependencies = [
    "JestMockGenv JestMockGenv 3.13.3 registry",
    "JestMockRbx JestMockRbx 3.13.3 registry",
    "JestTypes JestTypes 3.13.3 registry",
    "LuauPolyfill LuauPolyfill 1.2.3 registry",
]

[[package]]
name = "JestMockGenv"
version = "3.13.3"
source = "registry"
dependencies = ["LuauPolyfill LuauPolyfill 1.2.3 registry"]

[[package]]
name = "JestMockRbx"
version = "3.13.3"
source = "registry"
dependencies = [
    "JestTypes JestTypes 3.13.3 registry",
    "LuauPolyfill LuauPolyfill 1.2.3 registry",
]

[[package]]
name = "JestReporters"
version = "3.13.3"
source = "registry"
dependencies = [
    "ChalkLua ChalkLua 0.2.2 registry",
    "JestConsole JestConsole 3.13.3 registry",
    "JestMessageUtil JestMessageUtil 3.13.3 registry",
    "JestMock JestMock 3.13.3 registry",
    "JestTestResult JestTestResult 3.13.3 registry",
    "JestTypes JestTypes 3.13.3 registry",
    "JestUtil JestUtil 3.13.3 registry",
    "LuauPolyfill LuauPolyfill 1.2.3 registry",
    "Path Path 3.13.3 registry",
    "RegExp RegExp 0.2.2 registry",
    "RobloxShared RobloxShared 3.13.3 registry",
    "TestUtils TestUtils 3.13.3 registry",
]

[[package]]
name = "JestRunner"
version = "3.13.3"
source = "registry"
dependencies = [
    "ChalkLua ChalkLua 0.2.2 registry",
    "Emittery Emittery 3.13.3 registry",
    "JestCircus JestCircus 3.13.3 registry",
    "JestConsole JestConsole 3.13.3 registry",
    "JestEnvironment JestEnvironment 3.13.3 registry",
    "JestMessageUtil JestMessageUtil 3.13.3 registry",
    "JestRuntime JestRuntime 3.13.3 registry",
    "JestTestResult JestTestResult 3.13.3 registry",
    "JestTypes JestTypes 3.13.3 registry",
    "JestUtil JestUtil 3.13.3 registry",
    "LuauPolyfill LuauPolyfill 1.2.3 registry",
    "Promise Promise 3.5.0 registry",
    "RobloxShared RobloxShared 3.13.3 registry",
    "Throat Throat 3.13.3 registry",
]

[[package]]
name = "JestRuntime"
version = "3.13.3"
source = "registry"
dependencies = [
    "Expect Expect 3.13.3 registry",
    "JestFakeTimers JestFakeTimers 3.13.3 registry",
    "JestMock JestMock 3.13.3 registry",
    "JestMockGenv JestMockGenv 3.13.3 registry",
    "JestSnapshot JestSnapshot 3.13.3 registry",
    "JestTypes JestTypes 3.13.3 registry",
    "LuauPolyfill LuauPolyfill 1.2.3 registry",
    "Promise Promise 3.5.0 registry",
]

[[package]]
name = "JestSnapshot"
version = "3.13.3"
source = "registry"
dependencies = [
    "ChalkLua ChalkLua 0.2.2 registry",
    "JestDiff JestDiff 3.13.3 registry",
    "JestGetType JestGetType 3.13.3 registry",
    "JestMatcherUtils JestMatcherUtils 3.13.3 registry",
    "JestTypes JestTypes 3.13.3 registry",
    "LuauPolyfill LuauPolyfill 1.2.3 registry",
    "PrettyFormat PrettyFormat 3.13.3 registry",
    "Promise Promise 3.5.0 registry",
    "RobloxShared RobloxShared 3.13.3 registry",
]

[[package]]
name = "JestTestResult"
version = "3.13.3"
source = "registry"
dependencies = [
    "JestTypes JestTypes 3.13.3 registry",
    "LuauPolyfill LuauPolyfill 1.2.3 registry",
]

[[package]]
name = "JestTypes"
version = "3.13.3"
source = "registry"
dependencies = [
    "LuauPolyfill LuauPolyfill 1.2.3 registry",
    "RegExp RegExp 0.2.2 registry",
]

[[package]]
name = "JestUtil"
version = "3.13.3"
source = "registry"
dependencies = [
    "ChalkLua ChalkLua 0.2.2 registry",
    "JestTypes JestTypes 3.13.3 registry",
    "LuauPolyfill LuauPolyfill 1.2.3 registry",
    "Picomatch Picomatch 0.4.0 registry",
    "Promise Promise 3.5.0 registry",
    "RegExp RegExp 0.2.2 registry",
    "RobloxShared RobloxShared 3.13.3 registry",
]

[[package]]
name = "JestValidate"
version = "3.13.3"
source = "registry"
dependencies = [
    "ChalkLua ChalkLua 0.2.2 registry",
    "LuauPolyfill LuauPolyfill 1.2.3 registry",
]

[[package]]
name = "LuauPolyfill"
version = "1.2.3"
source = "registry"
dependencies = [
    "Boolean Boolean 1.2.3 registry",
    "Collections Collections 1.2.3 registry",
    "Console Console 1.2.3 registry",
    "ES7Types ES7Types 1.2.3 registry",
    "InstanceOf InstanceOf 1.2.3 registry",
    "Math Math 1.2.3 registry",
    "Number Number 1.2.3 registry",
    "String String 1.2.3 registry",
    "Symbol Symbol 1.0.0 registry",
    "Timers Timers 1.2.3 registry",
]

[[package]]
name = "Math"
version = "1.2.3"
source = "registry"

[[package]]
name = "Number"
version = "1.2.3"
source = "registry"

[[package]]
name = "Path"
version = "3.13.3"
source = "registry"
dependencies = ["LuauPolyfill LuauPolyfill 1.2.3 registry"]

[[package]]
name = "Picomatch"
version = "0.4.0"
source = "registry"
dependencies = [
    "LuauPolyfill LuauPolyfill 1.2.3 registry",
    "Promise Promise 3.5.0 registry",
    "RegExp RegExp 0.2.2 registry",
]

[[package]]
name = "PrettyFormat"
version = "3.13.3"
source = "registry"
dependencies = [
    "ChalkLua ChalkLua 0.2.2 registry",
    "JestGetType JestGetType 3.13.3 registry",
    "LuauPolyfill LuauPolyfill 1.2.3 registry",
    "ReactIs ReactIs 17.2.0 registry",
    "RegExp RegExp 0.2.2 registry",
    "RobloxShared RobloxShared 3.13.3 registry",
]

[[package]]
name = "Promise"
version = "3.5.0"
source = "registry"

[[package]]
name = "ReactIs"
version = "17.2.0"
source = "registry"
dependencies = [
    "SafeFlags SafeFlags 0.1.1 registry",
    "Shared Shared 17.2.0 registry",
]

[[package]]
name = "RegExp"
version = "0.2.2"
source = "registry"

[[package]]
name = "RobloxShared"
version = "3.13.3"
source = "registry"
dependencies = [
    "JestGetType JestGetType 3.13.3 registry",
    "JestMock JestMock 3.13.3 registry",
    "LuauPolyfill LuauPolyfill 1.2.3 registry",
]

[[package]]
name = "SafeFlags"
version = "0.1.1"
source = "registry"

[[package]]
name = "Shared"
version = "17.2.0"
source = "registry"
dependencies = [
    "LuauPolyfill LuauPolyfill 1.2.3 registry",
    "SafeFlags SafeFlags 0.1.1 registry",
]

[[package]]
name = "String"
version = "1.2.3"
source = "registry"
dependencies = [
    "ES7Types ES7Types 1.2.3 registry",
    "Number Number 1.2.3 registry",
]

[[package]]
name = "Symbol"
version = "1.0.0"
source = "registry"

[[package]]
name = "TestUtils"
version = "3.13.3"
source = "registry"
dependencies = [
    "ChalkLua ChalkLua 0.2.2 registry",
    "JestEnvironmentLuau JestEnvironmentLuau 3.13.3 registry",
    "JestTypes JestTypes 3.13.3 registry",
    "LuauPolyfill LuauPolyfill 1.2.3 registry",
    "PrettyFormat PrettyFormat 3.13.3 registry",
]

[[package]]
name = "Throat"
version = "3.13.3"
source = "registry"
dependencies = [
    "LuauPolyfill LuauPolyfill 1.2.3 registry",
    "Promise Promise 3.5.0 registry",
]

[[package]]
name = "Timers"
version = "1.2.3"
source = "registry"
dependencies = ["Collections Collections 1.2.3 registry"]
