# This file is automatically @generated by rotriever.
# It is not intended for manual editing.
lockfile_format_version = 5
registry_index = "https://github.com/Roblox/rotriever-registry-index"

[[package]]
name = "Boolean"
version = "1.2.3"
source = "registry"
dependencies = ["Number Number 1.2.3 registry"]

[[package]]
name = "ChalkLua"
version = "0.2.2"
source = "registry"

[[package]]
name = "Collections"
version = "1.2.3"
source = "registry"
dependencies = [
    "ES7Types ES7Types 1.2.3 registry",
    "InstanceOf InstanceOf 1.2.3 registry",
]

[[package]]
name = "Console"
version = "1.2.3"
source = "registry"
dependencies = ["Collections Collections 1.2.3 registry"]

[[package]]
name = "Dash"
version = "1.0.0"
dependencies = [
    "Jest Jest 3.13.1 registry",
    "JestGlobals JestGlobals 3.13.1 registry",
]

[[package]]
name = "DiffSequences"
version = "3.13.1"
source = "registry"
dependencies = ["LuauPolyfill LuauPolyfill 1.2.3 registry"]

[[package]]
name = "ES7Types"
version = "1.2.3"
source = "registry"

[[package]]
name = "Emittery"
version = "3.13.1"
source = "registry"
dependencies = [
    "LuauPolyfill LuauPolyfill 1.2.3 registry",
    "Promise Promise 3.5.0 registry",
]

[[package]]
name = "Expect"
version = "3.13.1"
source = "registry"
dependencies = [
    "JestGetType JestGetType 3.13.1 registry",
    "JestMatcherUtils JestMatcherUtils 3.13.1 registry",
    "JestMessageUtil JestMessageUtil 3.13.1 registry",
    "JestSnapshot JestSnapshot 3.13.1 registry",
    "JestUtil JestUtil 3.13.1 registry",
    "LuauPolyfill LuauPolyfill 1.2.3 registry",
    "Promise Promise 3.5.0 registry",
    "RegExp RegExp 0.2.2 registry",
    "RobloxShared RobloxShared 3.13.1 registry",
]

[[package]]
name = "InstanceOf"
version = "1.2.3"
source = "registry"

[[package]]
name = "Jest"
version = "3.13.1"
source = "registry"
dependencies = ["JestCore JestCore 3.13.1 registry"]

[[package]]
name = "JestCircus"
version = "3.13.1"
source = "registry"
dependencies = [
    "ChalkLua ChalkLua 0.2.2 registry",
    "Expect Expect 3.13.1 registry",
    "JestEach JestEach 3.13.1 registry",
    "JestEnvironment JestEnvironment 3.13.1 registry",
    "JestMatcherUtils JestMatcherUtils 3.13.1 registry",
    "JestMessageUtil JestMessageUtil 3.13.1 registry",
    "JestRuntime JestRuntime 3.13.1 registry",
    "JestSnapshot JestSnapshot 3.13.1 registry",
    "JestTestResult JestTestResult 3.13.1 registry",
    "JestTypes JestTypes 3.13.1 registry",
    "JestUtil JestUtil 3.13.1 registry",
    "LuauPolyfill LuauPolyfill 1.2.3 registry",
    "PrettyFormat PrettyFormat 3.13.1 registry",
    "Promise Promise 3.5.0 registry",
    "RegExp RegExp 0.2.2 registry",
    "RobloxShared RobloxShared 3.13.1 registry",
    "Throat Throat 3.13.1 registry",
]

[[package]]
name = "JestConfig"
version = "3.13.1"
source = "registry"
dependencies = [
    "ChalkLua ChalkLua 0.2.2 registry",
    "JestEnvironmentLuau JestEnvironmentLuau 3.13.1 registry",
    "JestGetType JestGetType 3.13.1 registry",
    "JestTypes JestTypes 3.13.1 registry",
    "JestUtil JestUtil 3.13.1 registry",
    "JestValidate JestValidate 3.13.1 registry",
    "LuauPolyfill LuauPolyfill 1.2.3 registry",
    "Promise Promise 3.5.0 registry",
    "RegExp RegExp 0.2.2 registry",
    "RobloxShared RobloxShared 3.13.1 registry",
]

[[package]]
name = "JestConsole"
version = "3.13.1"
source = "registry"
dependencies = [
    "ChalkLua ChalkLua 0.2.2 registry",
    "JestEach JestEach 3.13.1 registry",
    "JestMessageUtil JestMessageUtil 3.13.1 registry",
    "JestMock JestMock 3.13.1 registry",
    "JestTypes JestTypes 3.13.1 registry",
    "JestUtil JestUtil 3.13.1 registry",
    "LuauPolyfill LuauPolyfill 1.2.3 registry",
    "RobloxShared RobloxShared 3.13.1 registry",
]

[[package]]
name = "JestCore"
version = "3.13.1"
source = "registry"
dependencies = [
    "ChalkLua ChalkLua 0.2.2 registry",
    "Emittery Emittery 3.13.1 registry",
    "JestConfig JestConfig 3.13.1 registry",
    "JestConsole JestConsole 3.13.1 registry",
    "JestMessageUtil JestMessageUtil 3.13.1 registry",
    "JestReporters JestReporters 3.13.1 registry",
    "JestRunner JestRunner 3.13.1 registry",
    "JestRuntime JestRuntime 3.13.1 registry",
    "JestSnapshot JestSnapshot 3.13.1 registry",
    "JestTestResult JestTestResult 3.13.1 registry",
    "JestTypes JestTypes 3.13.1 registry",
    "JestUtil JestUtil 3.13.1 registry",
    "LuauPolyfill LuauPolyfill 1.2.3 registry",
    "PrettyFormat PrettyFormat 3.13.1 registry",
    "Promise Promise 3.5.0 registry",
    "RegExp RegExp 0.2.2 registry",
    "RobloxShared RobloxShared 3.13.1 registry",
]

[[package]]
name = "JestDiff"
version = "3.13.1"
source = "registry"
dependencies = [
    "ChalkLua ChalkLua 0.2.2 registry",
    "DiffSequences DiffSequences 3.13.1 registry",
    "JestGetType JestGetType 3.13.1 registry",
    "JestTypes JestTypes 3.13.1 registry",
    "LuauPolyfill LuauPolyfill 1.2.3 registry",
    "PrettyFormat PrettyFormat 3.13.1 registry",
]

[[package]]
name = "roblox/dash"
version = "0.1.4"
